
Microsoft Visual Studio Solution File, Format Version 12.00
# Visual Studio 15
VisualStudioVersion = 15.0.28307.421
MinimumVisualStudioVersion = 10.0.40219.1
Project("{9A19103F-16F7-4668-BE54-9A1E7A4F7556}") = "TriggersTools.Windows.Resources", "src\TriggersTools.Windows.Resources\TriggersTools.Windows.Resources.csproj", "{B83D38E6-BB02-49AB-9E9E-CC57518FB82E}"
EndProject
Global
	GlobalSection(SolutionConfigurationPlatforms) = preSolution
		Debug|Any CPU = Debug|Any CPU
		Release|Any CPU = Release|Any CPU
	EndGlobalSection
	GlobalSection(ProjectConfigurationPlatforms) = postSolution
		{B83D38E6-BB02-49AB-9E9E-CC57518FB82E}.Debug|Any CPU.ActiveCfg = Debug|Any CPU
		{B83D38E6-BB02-49AB-9E9E-CC57518FB82E}.Debug|Any CPU.Build.0 = Debug|Any CPU
		{B83D38E6-BB02-49AB-9E9E-CC57518FB82E}.Release|Any CPU.ActiveCfg = Release|Any CPU
		{B83D38E6-BB02-49AB-9E9E-CC57518FB82E}.Release|Any CPU.Build.0 = Release|Any CPU
	EndGlobalSection
	GlobalSection(SolutionProperties) = preSolution
		HideSolutionNode = FALSE
	EndGlobalSection
	GlobalSection(ExtensibilityGlobals) = postSolution
		SolutionGuid = {FB8AB63F-5E74-4E87-B08B-9A8D041C8B1B}
	EndGlobalSection
EndGlobal
